
Microsoft Visual Studio Solution File, Format Version 12.00
# Visual Studio 15
VisualStudioVersion = 15.0.26124.0
MinimumVisualStudioVersion = 15.0.26124.0
Project("{FAE04EC0-301F-11D3-BF4B-00C04F79EFBC}") = "Unkown.Motherboard.Api", "Unkown.Motherboard.Api\Unkown.Motherboard.Api.csproj", "{E17C1A8F-190C-424B-A518-B912EC0E03C3}"
EndProject
Project("{FAE04EC0-301F-11D3-BF4B-00C04F79EFBC}") = "Unkown.Motherboard.Domain", "Unkown.Motherboard.Domain\Unkown.Motherboard.Domain.csproj", "{35B03A4A-0EF0-45DE-903D-56F285BDFB45}"
EndProject
Project("{FAE04EC0-301F-11D3-BF4B-00C04F79EFBC}") = "Unknown.Motherboard.Api", "Unknown.Motherboard.Api\Unknown.Motherboard.Api.csproj", "{5CB58222-1CCB-4F43-B6A5-D48C4E456976}"
EndProject
Project("{FAE04EC0-301F-11D3-BF4B-00C04F79EFBC}") = "Unknown.Motherboard.Data", "Unknown.Motherboard.Data\Unknown.Motherboard.Data.csproj", "{F99E0BF7-B184-4B6A-9A57-18BFD6F023D1}"
EndProject
Project("{FAE04EC0-301F-11D3-BF4B-00C04F79EFBC}") = "Unknown.Motherboard.Domain", "Unknown.Motherboard.Domain\Unknown.Motherboard.Domain.csproj", "{64D2F428-3ED3-4EA6-9016-A1CE56D62600}"
EndProject
Project("{FAE04EC0-301F-11D3-BF4B-00C04F79EFBC}") = "Unknown.Motherboard.Domain.Tests", "Unknown.Motherboard.Domain.Tests\Unknown.Motherboard.Domain.Tests.csproj", "{0A362F16-DCE8-492C-B4D8-6C5DDBE1AF72}"
EndProject
Global
	GlobalSection(SolutionConfigurationPlatforms) = preSolution
		Debug|Any CPU = Debug|Any CPU
		Debug|x64 = Debug|x64
		Debug|x86 = Debug|x86
		Release|Any CPU = Release|Any CPU
		Release|x64 = Release|x64
		Release|x86 = Release|x86
	EndGlobalSection
	GlobalSection(SolutionProperties) = preSolution
		HideSolutionNode = FALSE
	EndGlobalSection
	GlobalSection(ProjectConfigurationPlatforms) = postSolution
		{E17C1A8F-190C-424B-A518-B912EC0E03C3}.Debug|Any CPU.ActiveCfg = Debug|Any CPU
		{E17C1A8F-190C-424B-A518-B912EC0E03C3}.Debug|Any CPU.Build.0 = Debug|Any CPU
		{E17C1A8F-190C-424B-A518-B912EC0E03C3}.Debug|x64.ActiveCfg = Debug|Any CPU
		{E17C1A8F-190C-424B-A518-B912EC0E03C3}.Debug|x64.Build.0 = Debug|Any CPU
		{E17C1A8F-190C-424B-A518-B912EC0E03C3}.Debug|x86.ActiveCfg = Debug|Any CPU
		{E17C1A8F-190C-424B-A518-B912EC0E03C3}.Debug|x86.Build.0 = Debug|Any CPU
		{E17C1A8F-190C-424B-A518-B912EC0E03C3}.Release|Any CPU.ActiveCfg = Release|Any CPU
		{E17C1A8F-190C-424B-A518-B912EC0E03C3}.Release|Any CPU.Build.0 = Release|Any CPU
		{E17C1A8F-190C-424B-A518-B912EC0E03C3}.Release|x64.ActiveCfg = Release|Any CPU
		{E17C1A8F-190C-424B-A518-B912EC0E03C3}.Release|x64.Build.0 = Release|Any CPU
		{E17C1A8F-190C-424B-A518-B912EC0E03C3}.Release|x86.ActiveCfg = Release|Any CPU
		{E17C1A8F-190C-424B-A518-B912EC0E03C3}.Release|x86.Build.0 = Release|Any CPU
		{35B03A4A-0EF0-45DE-903D-56F285BDFB45}.Debug|Any CPU.ActiveCfg = Debug|Any CPU
		{35B03A4A-0EF0-45DE-903D-56F285BDFB45}.Debug|Any CPU.Build.0 = Debug|Any CPU
		{35B03A4A-0EF0-45DE-903D-56F285BDFB45}.Debug|x64.ActiveCfg = Debug|Any CPU
		{35B03A4A-0EF0-45DE-903D-56F285BDFB45}.Debug|x64.Build.0 = Debug|Any CPU
		{35B03A4A-0EF0-45DE-903D-56F285BDFB45}.Debug|x86.ActiveCfg = Debug|Any CPU
		{35B03A4A-0EF0-45DE-903D-56F285BDFB45}.Debug|x86.Build.0 = Debug|Any CPU
		{35B03A4A-0EF0-45DE-903D-56F285BDFB45}.Release|Any CPU.ActiveCfg = Release|Any CPU
		{35B03A4A-0EF0-45DE-903D-56F285BDFB45}.Release|Any CPU.Build.0 = Release|Any CPU
		{35B03A4A-0EF0-45DE-903D-56F285BDFB45}.Release|x64.ActiveCfg = Release|Any CPU
		{35B03A4A-0EF0-45DE-903D-56F285BDFB45}.Release|x64.Build.0 = Release|Any CPU
		{35B03A4A-0EF0-45DE-903D-56F285BDFB45}.Release|x86.ActiveCfg = Release|Any CPU
		{35B03A4A-0EF0-45DE-903D-56F285BDFB45}.Release|x86.Build.0 = Release|Any CPU
		{5CB58222-1CCB-4F43-B6A5-D48C4E456976}.Debug|Any CPU.ActiveCfg = Debug|Any CPU
		{5CB58222-1CCB-4F43-B6A5-D48C4E456976}.Debug|Any CPU.Build.0 = Debug|Any CPU
		{5CB58222-1CCB-4F43-B6A5-D48C4E456976}.Debug|x64.ActiveCfg = Debug|Any CPU
		{5CB58222-1CCB-4F43-B6A5-D48C4E456976}.Debug|x64.Build.0 = Debug|Any CPU
		{5CB58222-1CCB-4F43-B6A5-D48C4E456976}.Debug|x86.ActiveCfg = Debug|Any CPU
		{5CB58222-1CCB-4F43-B6A5-D48C4E456976}.Debug|x86.Build.0 = Debug|Any CPU
		{5CB58222-1CCB-4F43-B6A5-D48C4E456976}.Release|Any CPU.ActiveCfg = Release|Any CPU
		{5CB58222-1CCB-4F43-B6A5-D48C4E456976}.Release|Any CPU.Build.0 = Release|Any CPU
		{5CB58222-1CCB-4F43-B6A5-D48C4E456976}.Release|x64.ActiveCfg = Release|Any CPU
		{5CB58222-1CCB-4F43-B6A5-D48C4E456976}.Release|x64.Build.0 = Release|Any CPU
		{5CB58222-1CCB-4F43-B6A5-D48C4E456976}.Release|x86.ActiveCfg = Release|Any CPU
		{5CB58222-1CCB-4F43-B6A5-D48C4E456976}.Release|x86.Build.0 = Release|Any CPU
		{F99E0BF7-B184-4B6A-9A57-18BFD6F023D1}.Debug|Any CPU.ActiveCfg = Debug|Any CPU
		{F99E0BF7-B184-4B6A-9A57-18BFD6F023D1}.Debug|Any CPU.Build.0 = Debug|Any CPU
		{F99E0BF7-B184-4B6A-9A57-18BFD6F023D1}.Debug|x64.ActiveCfg = Debug|Any CPU
		{F99E0BF7-B184-4B6A-9A57-18BFD6F023D1}.Debug|x64.Build.0 = Debug|Any CPU
		{F99E0BF7-B184-4B6A-9A57-18BFD6F023D1}.Debug|x86.ActiveCfg = Debug|Any CPU
		{F99E0BF7-B184-4B6A-9A57-18BFD6F023D1}.Debug|x86.Build.0 = Debug|Any CPU
		{F99E0BF7-B184-4B6A-9A57-18BFD6F023D1}.Release|Any CPU.ActiveCfg = Release|Any CPU
		{F99E0BF7-B184-4B6A-9A57-18BFD6F023D1}.Release|Any CPU.Build.0 = Release|Any CPU
		{F99E0BF7-B184-4B6A-9A57-18BFD6F023D1}.Release|x64.ActiveCfg = Release|Any CPU
		{F99E0BF7-B184-4B6A-9A57-18BFD6F023D1}.Release|x64.Build.0 = Release|Any CPU
		{F99E0BF7-B184-4B6A-9A57-18BFD6F023D1}.Release|x86.ActiveCfg = Release|Any CPU
		{F99E0BF7-B184-4B6A-9A57-18BFD6F023D1}.Release|x86.Build.0 = Release|Any CPU
		{64D2F428-3ED3-4EA6-9016-A1CE56D62600}.Debug|Any CPU.ActiveCfg = Debug|Any CPU
		{64D2F428-3ED3-4EA6-9016-A1CE56D62600}.Debug|Any CPU.Build.0 = Debug|Any CPU
		{64D2F428-3ED3-4EA6-9016-A1CE56D62600}.Debug|x64.ActiveCfg = Debug|Any CPU
		{64D2F428-3ED3-4EA6-9016-A1CE56D62600}.Debug|x64.Build.0 = Debug|Any CPU
		{64D2F428-3ED3-4EA6-9016-A1CE56D62600}.Debug|x86.ActiveCfg = Debug|Any CPU
		{64D2F428-3ED3-4EA6-9016-A1CE56D62600}.Debug|x86.Build.0 = Debug|Any CPU
		{64D2F428-3ED3-4EA6-9016-A1CE56D62600}.Release|Any CPU.ActiveCfg = Release|Any CPU
		{64D2F428-3ED3-4EA6-9016-A1CE56D62600}.Release|Any CPU.Build.0 = Release|Any CPU
		{64D2F428-3ED3-4EA6-9016-A1CE56D62600}.Release|x64.ActiveCfg = Release|Any CPU
		{64D2F428-3ED3-4EA6-9016-A1CE56D62600}.Release|x64.Build.0 = Release|Any CPU
		{64D2F428-3ED3-4EA6-9016-A1CE56D62600}.Release|x86.ActiveCfg = Release|Any CPU
		{64D2F428-3ED3-4EA6-9016-A1CE56D62600}.Release|x86.Build.0 = Release|Any CPU
		{0A362F16-DCE8-492C-B4D8-6C5DDBE1AF72}.Debug|Any CPU.ActiveCfg = Debug|Any CPU
		{0A362F16-DCE8-492C-B4D8-6C5DDBE1AF72}.Debug|Any CPU.Build.0 = Debug|Any CPU
		{0A362F16-DCE8-492C-B4D8-6C5DDBE1AF72}.Debug|x64.ActiveCfg = Debug|Any CPU
		{0A362F16-DCE8-492C-B4D8-6C5DDBE1AF72}.Debug|x64.Build.0 = Debug|Any CPU
		{0A362F16-DCE8-492C-B4D8-6C5DDBE1AF72}.Debug|x86.ActiveCfg = Debug|Any CPU
		{0A362F16-DCE8-492C-B4D8-6C5DDBE1AF72}.Debug|x86.Build.0 = Debug|Any CPU
		{0A362F16-DCE8-492C-B4D8-6C5DDBE1AF72}.Release|Any CPU.ActiveCfg = Release|Any CPU
		{0A362F16-DCE8-492C-B4D8-6C5DDBE1AF72}.Release|Any CPU.Build.0 = Release|Any CPU
		{0A362F16-DCE8-492C-B4D8-6C5DDBE1AF72}.Release|x64.ActiveCfg = Release|Any CPU
		{0A362F16-DCE8-492C-B4D8-6C5DDBE1AF72}.Release|x64.Build.0 = Release|Any CPU
		{0A362F16-DCE8-492C-B4D8-6C5DDBE1AF72}.Release|x86.ActiveCfg = Release|Any CPU
		{0A362F16-DCE8-492C-B4D8-6C5DDBE1AF72}.Release|x86.Build.0 = Release|Any CPU
	EndGlobalSection
EndGlobal
